// !$*UTF8*$!
{
	archiveVersion = 1;
	classes = {
	};
	objectVersion = 55;
	objects = {

/* Begin PBXBuildFile section */
		0585D42429F0E31C00DD1C69 /* AppDelegate.swift in Sources */ = {isa = PBXBuildFile; fileRef = 0585D42329F0E31C00DD1C69 /* AppDelegate.swift */; };
		0585D42629F0E31C00DD1C69 /* SceneDelegate.swift in Sources */ = {isa = PBXBuildFile; fileRef = 0585D42529F0E31C00DD1C69 /* SceneDelegate.swift */; };
		0585D42829F0E31C00DD1C69 /* UniversitiesViewController.swift in Sources */ = {isa = PBXBuildFile; fileRef = 0585D42729F0E31C00DD1C69 /* UniversitiesViewController.swift */; };
		0585D42B29F0E31C00DD1C69 /* Main.storyboard in Resources */ = {isa = PBXBuildFile; fileRef = 0585D42929F0E31C00DD1C69 /* Main.storyboard */; };
		0585D42D29F0E31E00DD1C69 /* Assets.xcassets in Resources */ = {isa = PBXBuildFile; fileRef = 0585D42C29F0E31E00DD1C69 /* Assets.xcassets */; };
		0585D43029F0E31E00DD1C69 /* LaunchScreen.storyboard in Resources */ = {isa = PBXBuildFile; fileRef = 0585D42E29F0E31E00DD1C69 /* LaunchScreen.storyboard */; };
		0585D43B29F0E31F00DD1C69 /* Narala_UniversityAppTests.swift in Sources */ = {isa = PBXBuildFile; fileRef = 0585D43A29F0E31F00DD1C69 /* Narala_UniversityAppTests.swift */; };
		0585D44529F0E31F00DD1C69 /* Narala_UniversityAppUITests.swift in Sources */ = {isa = PBXBuildFile; fileRef = 0585D44429F0E31F00DD1C69 /* Narala_UniversityAppUITests.swift */; };
		0585D44729F0E31F00DD1C69 /* Narala_UniversityAppUITestsLaunchTests.swift in Sources */ = {isa = PBXBuildFile; fileRef = 0585D44629F0E31F00DD1C69 /* Narala_UniversityAppUITestsLaunchTests.swift */; };
		0585D45429F0E83800DD1C69 /* UniversityListViewController.swift in Sources */ = {isa = PBXBuildFile; fileRef = 0585D45329F0E83800DD1C69 /* UniversityListViewController.swift */; };
		0585D45629F0EA2100DD1C69 /* UniversityInfoViewController.swift in Sources */ = {isa = PBXBuildFile; fileRef = 0585D45529F0EA2100DD1C69 /* UniversityInfoViewController.swift */; };
		0585D45829F0EC6800DD1C69 /* Universities.swift in Sources */ = {isa = PBXBuildFile; fileRef = 0585D45729F0EC6800DD1C69 /* Universities.swift */; };
/* End PBXBuildFile section */

/* Begin PBXContainerItemProxy section */
		0585D43729F0E31F00DD1C69 /* PBXContainerItemProxy */ = {
			isa = PBXContainerItemProxy;
			containerPortal = 0585D41829F0E31C00DD1C69 /* Project object */;
			proxyType = 1;
			remoteGlobalIDString = 0585D41F29F0E31C00DD1C69;
			remoteInfo = Narala_UniversityApp;
		};
		0585D44129F0E31F00DD1C69 /* PBXContainerItemProxy */ = {
			isa = PBXContainerItemProxy;
			containerPortal = 0585D41829F0E31C00DD1C69 /* Project object */;
			proxyType = 1;
			remoteGlobalIDString = 0585D41F29F0E31C00DD1C69;
			remoteInfo = Narala_UniversityApp;
		};
/* End PBXContainerItemProxy section */

/* Begin PBXFileReference section */
		0585D42029F0E31C00DD1C69 /* Narala_UniversityApp.app */ = {isa = PBXFileReference; explicitFileType = wrapper.application; includeInIndex = 0; path = Narala_UniversityApp.app; sourceTree = BUILT_PRODUCTS_DIR; };
		0585D42329F0E31C00DD1C69 /* AppDelegate.swift */ = {isa = PBXFileReference; lastKnownFileType = sourcecode.swift; path = AppDelegate.swift; sourceTree = "<group>"; };
		0585D42529F0E31C00DD1C69 /* SceneDelegate.swift */ = {isa = PBXFileReference; lastKnownFileType = sourcecode.swift; path = SceneDelegate.swift; sourceTree = "<group>"; };
		0585D42729F0E31C00DD1C69 /* UniversitiesViewController.swift */ = {isa = PBXFileReference; lastKnownFileType = sourcecode.swift; path = UniversitiesViewController.swift; sourceTree = "<group>"; };
		0585D42A29F0E31C00DD1C69 /* Base */ = {isa = PBXFileReference; lastKnownFileType = file.storyboard; name = Base; path = Base.lproj/Main.storyboard; sourceTree = "<group>"; };
		0585D42C29F0E31E00DD1C69 /* Assets.xcassets */ = {isa = PBXFileReference; lastKnownFileType = folder.assetcatalog; path = Assets.xcassets; sourceTree = "<group>"; };
		0585D42F29F0E31E00DD1C69 /* Base */ = {isa = PBXFileReference; lastKnownFileType = file.storyboard; name = Base; path = Base.lproj/LaunchScreen.storyboard; sourceTree = "<group>"; };
		0585D43129F0E31E00DD1C69 /* Info.plist */ = {isa = PBXFileReference; lastKnownFileType = text.plist.xml; path = Info.plist; sourceTree = "<group>"; };
		0585D43629F0E31F00DD1C69 /* Narala_UniversityAppTests.xctest */ = {isa = PBXFileReference; explicitFileType = wrapper.cfbundle; includeInIndex = 0; path = Narala_UniversityAppTests.xctest; sourceTree = BUILT_PRODUCTS_DIR; };
		0585D43A29F0E31F00DD1C69 /* Narala_UniversityAppTests.swift */ = {isa = PBXFileReference; lastKnownFileType = sourcecode.swift; path = Narala_UniversityAppTests.swift; sourceTree = "<group>"; };
		0585D44029F0E31F00DD1C69 /* Narala_UniversityAppUITests.xctest */ = {isa = PBXFileReference; explicitFileType = wrapper.cfbundle; includeInIndex = 0; path = Narala_UniversityAppUITests.xctest; sourceTree = BUILT_PRODUCTS_DIR; };
		0585D44429F0E31F00DD1C69 /* Narala_UniversityAppUITests.swift */ = {isa = PBXFileReference; lastKnownFileType = sourcecode.swift; path = Narala_UniversityAppUITests.swift; sourceTree = "<group>"; };
		0585D44629F0E31F00DD1C69 /* Narala_UniversityAppUITestsLaunchTests.swift */ = {isa = PBXFileReference; lastKnownFileType = sourcecode.swift; path = Narala_UniversityAppUITestsLaunchTests.swift; sourceTree = "<group>"; };
		0585D45329F0E83800DD1C69 /* UniversityListViewController.swift */ = {isa = PBXFileReference; lastKnownFileType = sourcecode.swift; path = UniversityListViewController.swift; sourceTree = "<group>"; };
		0585D45529F0EA2100DD1C69 /* UniversityInfoViewController.swift */ = {isa = PBXFileReference; lastKnownFileType = sourcecode.swift; path = UniversityInfoViewController.swift; sourceTree = "<group>"; };
		0585D45729F0EC6800DD1C69 /* Universities.swift */ = {isa = PBXFileReference; lastKnownFileType = sourcecode.swift; path = Universities.swift; sourceTree = "<group>"; };
/* End PBXFileReference section */

/* Begin PBXFrameworksBuildPhase section */
		0585D41D29F0E31C00DD1C69 /* Frameworks */ = {
			isa = PBXFrameworksBuildPhase;
			buildActionMask = 2147483647;
			files = (
			);
			runOnlyForDeploymentPostprocessing = 0;
		};
		0585D43329F0E31F00DD1C69 /* Frameworks */ = {
			isa = PBXFrameworksBuildPhase;
			buildActionMask = 2147483647;
			files = (
			);
			runOnlyForDeploymentPostprocessing = 0;
		};
		0585D43D29F0E31F00DD1C69 /* Frameworks */ = {
			isa = PBXFrameworksBuildPhase;
			buildActionMask = 2147483647;
			files = (
			);
			runOnlyForDeploymentPostprocessing = 0;
		};
/* End PBXFrameworksBuildPhase section */

/* Begin PBXGroup section */
		0585D41729F0E31C00DD1C69 = {
			isa = PBXGroup;
			children = (
				0585D42229F0E31C00DD1C69 /* Narala_UniversityApp */,
				0585D43929F0E31F00DD1C69 /* Narala_UniversityAppTests */,
				0585D44329F0E31F00DD1C69 /* Narala_UniversityAppUITests */,
				0585D42129F0E31C00DD1C69 /* Products */,
			);
			sourceTree = "<group>";
		};
		0585D42129F0E31C00DD1C69 /* Products */ = {
			isa = PBXGroup;
			children = (
				0585D42029F0E31C00DD1C69 /* Narala_UniversityApp.app */,
				0585D43629F0E31F00DD1C69 /* Narala_UniversityAppTests.xctest */,
				0585D44029F0E31F00DD1C69 /* Narala_UniversityAppUITests.xctest */,
			);
			name = Products;
			sourceTree = "<group>";
		};
		0585D42229F0E31C00DD1C69 /* Narala_UniversityApp */ = {
			isa = PBXGroup;
			children = (
				0585D42329F0E31C00DD1C69 /* AppDelegate.swift */,
				0585D42529F0E31C00DD1C69 /* SceneDelegate.swift */,
				0585D42729F0E31C00DD1C69 /* UniversitiesViewController.swift */,
				0585D42929F0E31C00DD1C69 /* Main.storyboard */,
				0585D42C29F0E31E00DD1C69 /* Assets.xcassets */,
				0585D42E29F0E31E00DD1C69 /* LaunchScreen.storyboard */,
				0585D43129F0E31E00DD1C69 /* Info.plist */,
				0585D45329F0E83800DD1C69 /* UniversityListViewController.swift */,
				0585D45529F0EA2100DD1C69 /* UniversityInfoViewController.swift */,
				0585D45729F0EC6800DD1C69 /* Universities.swift */,
			);
			path = Narala_UniversityApp;
			sourceTree = "<group>";
		};
		0585D43929F0E31F00DD1C69 /* Narala_UniversityAppTests */ = {
			isa = PBXGroup;
			children = (
				0585D43A29F0E31F00DD1C69 /* Narala_UniversityAppTests.swift */,
			);
			path = Narala_UniversityAppTests;
			sourceTree = "<group>";
		};
		0585D44329F0E31F00DD1C69 /* Narala_UniversityAppUITests */ = {
			isa = PBXGroup;
			children = (
				0585D44429F0E31F00DD1C69 /* Narala_UniversityAppUITests.swift */,
				0585D44629F0E31F00DD1C69 /* Narala_UniversityAppUITestsLaunchTests.swift */,
			);
			path = Narala_UniversityAppUITests;
			sourceTree = "<group>";
		};
/* End PBXGroup section */

/* Begin PBXNativeTarget section */
		0585D41F29F0E31C00DD1C69 /* Narala_UniversityApp */ = {
			isa = PBXNativeTarget;
			buildConfigurationList = 0585D44A29F0E31F00DD1C69 /* Build configuration list for PBXNativeTarget "Narala_UniversityApp" */;
			buildPhases = (
				0585D41C29F0E31C00DD1C69 /* Sources */,
				0585D41D29F0E31C00DD1C69 /* Frameworks */,
				0585D41E29F0E31C00DD1C69 /* Resources */,
			);
			buildRules = (
			);
			dependencies = (
			);
			name = Narala_UniversityApp;
			productName = Narala_UniversityApp;
			productReference = 0585D42029F0E31C00DD1C69 /* Narala_UniversityApp.app */;
			productType = "com.apple.product-type.application";
		};
		0585D43529F0E31F00DD1C69 /* Narala_UniversityAppTests */ = {
			isa = PBXNativeTarget;
			buildConfigurationList = 0585D44D29F0E31F00DD1C69 /* Build configuration list for PBXNativeTarget "Narala_UniversityAppTests" */;
			buildPhases = (
				0585D43229F0E31F00DD1C69 /* Sources */,
				0585D43329F0E31F00DD1C69 /* Frameworks */,
				0585D43429F0E31F00DD1C69 /* Resources */,
			);
			buildRules = (
			);
			dependencies = (
				0585D43829F0E31F00DD1C69 /* PBXTargetDependency */,
			);
			name = Narala_UniversityAppTests;
			productName = Narala_UniversityAppTests;
			productReference = 0585D43629F0E31F00DD1C69 /* Narala_UniversityAppTests.xctest */;
			productType = "com.apple.product-type.bundle.unit-test";
		};
		0585D43F29F0E31F00DD1C69 /* Narala_UniversityAppUITests */ = {
			isa = PBXNativeTarget;
			buildConfigurationList = 0585D45029F0E31F00DD1C69 /* Build configuration list for PBXNativeTarget "Narala_UniversityAppUITests" */;
			buildPhases = (
				0585D43C29F0E31F00DD1C69 /* Sources */,
				0585D43D29F0E31F00DD1C69 /* Frameworks */,
				0585D43E29F0E31F00DD1C69 /* Resources */,
			);
			buildRules = (
			);
			dependencies = (
				0585D44229F0E31F00DD1C69 /* PBXTargetDependency */,
			);
			name = Narala_UniversityAppUITests;
			productName = Narala_UniversityAppUITests;
			productReference = 0585D44029F0E31F00DD1C69 /* Narala_UniversityAppUITests.xctest */;
			productType = "com.apple.product-type.bundle.ui-testing";
		};
/* End PBXNativeTarget section */

/* Begin PBXProject section */
		0585D41829F0E31C00DD1C69 /* Project object */ = {
			isa = PBXProject;
			attributes = {
				BuildIndependentTargetsInParallel = 1;
				LastSwiftUpdateCheck = 1340;
				LastUpgradeCheck = 1340;
				TargetAttributes = {
					0585D41F29F0E31C00DD1C69 = {
						CreatedOnToolsVersion = 13.4.1;
					};
					0585D43529F0E31F00DD1C69 = {
						CreatedOnToolsVersion = 13.4.1;
						TestTargetID = 0585D41F29F0E31C00DD1C69;
					};
					0585D43F29F0E31F00DD1C69 = {
						CreatedOnToolsVersion = 13.4.1;
						TestTargetID = 0585D41F29F0E31C00DD1C69;
					};
				};
			};
			buildConfigurationList = 0585D41B29F0E31C00DD1C69 /* Build configuration list for PBXProject "Narala_UniversityApp" */;
			compatibilityVersion = "Xcode 13.0";
			developmentRegion = en;
			hasScannedForEncodings = 0;
			knownRegions = (
				en,
				Base,
			);
			mainGroup = 0585D41729F0E31C00DD1C69;
			productRefGroup = 0585D42129F0E31C00DD1C69 /* Products */;
			projectDirPath = "";
			projectRoot = "";
			targets = (
				0585D41F29F0E31C00DD1C69 /* Narala_UniversityApp */,
				0585D43529F0E31F00DD1C69 /* Narala_UniversityAppTests */,
				0585D43F29F0E31F00DD1C69 /* Narala_UniversityAppUITests */,
			);
		};
/* End PBXProject section */

/* Begin PBXResourcesBuildPhase section */
		0585D41E29F0E31C00DD1C69 /* Resources */ = {
			isa = PBXResourcesBuildPhase;
			buildActionMask = 2147483647;
			files = (
				0585D43029F0E31E00DD1C69 /* LaunchScreen.storyboard in Resources */,
				0585D42D29F0E31E00DD1C69 /* Assets.xcassets in Resources */,
				0585D42B29F0E31C00DD1C69 /* Main.storyboard in Resources */,
			);
			runOnlyForDeploymentPostprocessing = 0;
		};
		0585D43429F0E31F00DD1C69 /* Resources */ = {
			isa = PBXResourcesBuildPhase;
			buildActionMask = 2147483647;
			files = (
			);
			runOnlyForDeploymentPostprocessing = 0;
		};
		0585D43E29F0E31F00DD1C69 /* Resources */ = {
			isa = PBXResourcesBuildPhase;
			buildActionMask = 2147483647;
			files = (
			);
			runOnlyForDeploymentPostprocessing = 0;
		};
/* End PBXResourcesBuildPhase section */

/* Begin PBXSourcesBuildPhase section */
		0585D41C29F0E31C00DD1C69 /* Sources */ = {
			isa = PBXSourcesBuildPhase;
			buildActionMask = 2147483647;
			files = (
				0585D42829F0E31C00DD1C69 /* UniversitiesViewController.swift in Sources */,
				0585D42429F0E31C00DD1C69 /* AppDelegate.swift in Sources */,
				0585D45429F0E83800DD1C69 /* UniversityListViewController.swift in Sources */,
				0585D45829F0EC6800DD1C69 /* Universities.swift in Sources */,
				0585D42629F0E31C00DD1C69 /* SceneDelegate.swift in Sources */,
				0585D45629F0EA2100DD1C69 /* UniversityInfoViewController.swift in Sources */,
			);
			runOnlyForDeploymentPostprocessing = 0;
		};
		0585D43229F0E31F00DD1C69 /* Sources */ = {
			isa = PBXSourcesBuildPhase;
			buildActionMask = 2147483647;
			files = (
				0585D43B29F0E31F00DD1C69 /* Narala_UniversityAppTests.swift in Sources */,
			);
			runOnlyForDeploymentPostprocessing = 0;
		};
		0585D43C29F0E31F00DD1C69 /* Sources */ = {
			isa = PBXSourcesBuildPhase;
			buildActionMask = 2147483647;
			files = (
				0585D44529F0E31F00DD1C69 /* Narala_UniversityAppUITests.swift in Sources */,
				0585D44729F0E31F00DD1C69 /* Narala_UniversityAppUITestsLaunchTests.swift in Sources */,
			);
			runOnlyForDeploymentPostprocessing = 0;
		};
/* End PBXSourcesBuildPhase section */

/* Begin PBXTargetDependency section */
		0585D43829F0E31F00DD1C69 /* PBXTargetDependency */ = {
			isa = PBXTargetDependency;
			target = 0585D41F29F0E31C00DD1C69 /* Narala_UniversityApp */;
			targetProxy = 0585D43729F0E31F00DD1C69 /* PBXContainerItemProxy */;
		};
		0585D44229F0E31F00DD1C69 /* PBXTargetDependency */ = {
			isa = PBXTargetDependency;
			target = 0585D41F29F0E31C00DD1C69 /* Narala_UniversityApp */;
			targetProxy = 0585D44129F0E31F00DD1C69 /* PBXContainerItemProxy */;
		};
/* End PBXTargetDependency section */

/* Begin PBXVariantGroup section */
		0585D42929F0E31C00DD1C69 /* Main.storyboard */ = {
			isa = PBXVariantGroup;
			children = (
				0585D42A29F0E31C00DD1C69 /* Base */,
			);
			name = Main.storyboard;
			sourceTree = "<group>";
		};
		0585D42E29F0E31E00DD1C69 /* LaunchScreen.storyboard */ = {
			isa = PBXVariantGroup;
			children = (
				0585D42F29F0E31E00DD1C69 /* Base */,
			);
			name = LaunchScreen.storyboard;
			sourceTree = "<group>";
		};
/* End PBXVariantGroup section */

/* Begin XCBuildConfiguration section */
		0585D44829F0E31F00DD1C69 /* Debug */ = {
			isa = XCBuildConfiguration;
			buildSettings = {
				ALWAYS_SEARCH_USER_PATHS = NO;
				CLANG_ANALYZER_NONNULL = YES;
				CLANG_ANALYZER_NUMBER_OBJECT_CONVERSION = YES_AGGRESSIVE;
				CLANG_CXX_LANGUAGE_STANDARD = "gnu++17";
				CLANG_ENABLE_MODULES = YES;
				CLANG_ENABLE_OBJC_ARC = YES;
				CLANG_ENABLE_OBJC_WEAK = YES;
				CLANG_WARN_BLOCK_CAPTURE_AUTORELEASING = YES;
				CLANG_WARN_BOOL_CONVERSION = YES;
				CLANG_WARN_COMMA = YES;
				CLANG_WARN_CONSTANT_CONVERSION = YES;
				CLANG_WARN_DEPRECATED_OBJC_IMPLEMENTATIONS = YES;
				CLANG_WARN_DIRECT_OBJC_ISA_USAGE = YES_ERROR;
				CLANG_WARN_DOCUMENTATION_COMMENTS = YES;
				CLANG_WARN_EMPTY_BODY = YES;
				CLANG_WARN_ENUM_CONVERSION = YES;
				CLANG_WARN_INFINITE_RECURSION = YES;
				CLANG_WARN_INT_CONVERSION = YES;
				CLANG_WARN_NON_LITERAL_NULL_CONVERSION = YES;
				CLANG_WARN_OBJC_IMPLICIT_RETAIN_SELF = YES;
				CLANG_WARN_OBJC_LITERAL_CONVERSION = YES;
				CLANG_WARN_OBJC_ROOT_CLASS = YES_ERROR;
				CLANG_WARN_QUOTED_INCLUDE_IN_FRAMEWORK_HEADER = YES;
				CLANG_WARN_RANGE_LOOP_ANALYSIS = YES;
				CLANG_WARN_STRICT_PROTOTYPES = YES;
				CLANG_WARN_SUSPICIOUS_MOVE = YES;
				CLANG_WARN_UNGUARDED_AVAILABILITY = YES_AGGRESSIVE;
				CLANG_WARN_UNREACHABLE_CODE = YES;
				CLANG_WARN__DUPLICATE_METHOD_MATCH = YES;
				COPY_PHASE_STRIP = NO;
				DEBUG_INFORMATION_FORMAT = dwarf;
				ENABLE_STRICT_OBJC_MSGSEND = YES;
				ENABLE_TESTABILITY = YES;
				GCC_C_LANGUAGE_STANDARD = gnu11;
				GCC_DYNAMIC_NO_PIC = NO;
				GCC_NO_COMMON_BLOCKS = YES;
				GCC_OPTIMIZATION_LEVEL = 0;
				GCC_PREPROCESSOR_DEFINITIONS = (
					"DEBUG=1",
					"$(inherited)",
				);
				GCC_WARN_64_TO_32_BIT_CONVERSION = YES;
				GCC_WARN_ABOUT_RETURN_TYPE = YES_ERROR;
				GCC_WARN_UNDECLARED_SELECTOR = YES;
				GCC_WARN_UNINITIALIZED_AUTOS = YES_AGGRESSIVE;
				GCC_WARN_UNUSED_FUNCTION = YES;
				GCC_WARN_UNUSED_VARIABLE = YES;
				IPHONEOS_DEPLOYMENT_TARGET = 15.5;
				MTL_ENABLE_DEBUG_INFO = INCLUDE_SOURCE;
				MTL_FAST_MATH = YES;
				ONLY_ACTIVE_ARCH = YES;
				SDKROOT = iphoneos;
				SWIFT_ACTIVE_COMPILATION_CONDITIONS = DEBUG;
				SWIFT_OPTIMIZATION_LEVEL = "-Onone";
			};
			name = Debug;
		};
		0585D44929F0E31F00DD1C69 /* Release */ = {
			isa = XCBuildConfiguration;
			buildSettings = {
				ALWAYS_SEARCH_USER_PATHS = NO;
				CLANG_ANALYZER_NONNULL = YES;
				CLANG_ANALYZER_NUMBER_OBJECT_CONVERSION = YES_AGGRESSIVE;
				CLANG_CXX_LANGUAGE_STANDARD = "gnu++17";
				CLANG_ENABLE_MODULES = YES;
				CLANG_ENABLE_OBJC_ARC = YES;
				CLANG_ENABLE_OBJC_WEAK = YES;
				CLANG_WARN_BLOCK_CAPTURE_AUTORELEASING = YES;
				CLANG_WARN_BOOL_CONVERSION = YES;
				CLANG_WARN_COMMA = YES;
				CLANG_WARN_CONSTANT_CONVERSION = YES;
				CLANG_WARN_DEPRECATED_OBJC_IMPLEMENTATIONS = YES;
				CLANG_WARN_DIRECT_OBJC_ISA_USAGE = YES_ERROR;
				CLANG_WARN_DOCUMENTATION_COMMENTS = YES;
				CLANG_WARN_EMPTY_BODY = YES;
				CLANG_WARN_ENUM_CONVERSION = YES;
				CLANG_WARN_INFINITE_RECURSION = YES;
				CLANG_WARN_INT_CONVERSION = YES;
				CLANG_WARN_NON_LITERAL_NULL_CONVERSION = YES;
				CLANG_WARN_OBJC_IMPLICIT_RETAIN_SELF = YES;
				CLANG_WARN_OBJC_LITERAL_CONVERSION = YES;
				CLANG_WARN_OBJC_ROOT_CLASS = YES_ERROR;
				CLANG_WARN_QUOTED_INCLUDE_IN_FRAMEWORK_HEADER = YES;
				CLANG_WARN_RANGE_LOOP_ANALYSIS = YES;
				CLANG_WARN_STRICT_PROTOTYPES = YES;
				CLANG_WARN_SUSPICIOUS_MOVE = YES;
				CLANG_WARN_UNGUARDED_AVAILABILITY = YES_AGGRESSIVE;
				CLANG_WARN_UNREACHABLE_CODE = YES;
				CLANG_WARN__DUPLICATE_METHOD_MATCH = YES;
				COPY_PHASE_STRIP = NO;
				DEBUG_INFORMATION_FORMAT = "dwarf-with-dsym";
				ENABLE_NS_ASSERTIONS = NO;
				ENABLE_STRICT_OBJC_MSGSEND = YES;
				GCC_C_LANGUAGE_STANDARD = gnu11;
				GCC_NO_COMMON_BLOCKS = YES;
				GCC_WARN_64_TO_32_BIT_CONVERSION = YES;
				GCC_WARN_ABOUT_RETURN_TYPE = YES_ERROR;
				GCC_WARN_UNDECLARED_SELECTOR = YES;
				GCC_WARN_UNINITIALIZED_AUTOS = YES_AGGRESSIVE;
				GCC_WARN_UNUSED_FUNCTION = YES;
				GCC_WARN_UNUSED_VARIABLE = YES;
				IPHONEOS_DEPLOYMENT_TARGET = 15.5;
				MTL_ENABLE_DEBUG_INFO = NO;
				MTL_FAST_MATH = YES;
				SDKROOT = iphoneos;
				SWIFT_COMPILATION_MODE = wholemodule;
				SWIFT_OPTIMIZATION_LEVEL = "-O";
				VALIDATE_PRODUCT = YES;
			};
			name = Release;
		};
		0585D44B29F0E31F00DD1C69 /* Debug */ = {
			isa = XCBuildConfiguration;
			buildSettings = {
				ASSETCATALOG_COMPILER_APPICON_NAME = AppIcon;
				ASSETCATALOG_COMPILER_GLOBAL_ACCENT_COLOR_NAME = AccentColor;
				CODE_SIGN_STYLE = Automatic;
				CURRENT_PROJECT_VERSION = 1;
				GENERATE_INFOPLIST_FILE = YES;
				INFOPLIST_FILE = Narala_UniversityApp/Info.plist;
				INFOPLIST_KEY_UIApplicationSupportsIndirectInputEvents = YES;
				INFOPLIST_KEY_UILaunchStoryboardName = LaunchScreen;
				INFOPLIST_KEY_UIMainStoryboardFile = Main;
				INFOPLIST_KEY_UISupportedInterfaceOrientations_iPad = "UIInterfaceOrientationPortrait UIInterfaceOrientationPortraitUpsideDown UIInterfaceOrientationLandscapeLeft UIInterfaceOrientationLandscapeRight";
				INFOPLIST_KEY_UISupportedInterfaceOrientations_iPhone = "UIInterfaceOrientationPortrait UIInterfaceOrientationLandscapeLeft UIInterfaceOrientationLandscapeRight";
				LD_RUNPATH_SEARCH_PATHS = (
					"$(inherited)",
					"@executable_path/Frameworks",
				);
				MARKETING_VERSION = 1.0;
				PRODUCT_BUNDLE_IDENTIFIER = "nwmsu.Narala-UniversityApp";
				PRODUCT_NAME = "$(TARGET_NAME)";
				SWIFT_EMIT_LOC_STRINGS = YES;
				SWIFT_VERSION = 5.0;
				TARGETED_DEVICE_FAMILY = "1,2";
			};
			name = Debug;
		};
		0585D44C29F0E31F00DD1C69 /* Release */ = {
			isa = XCBuildConfiguration;
			buildSettings = {
				ASSETCATALOG_COMPILER_APPICON_NAME = AppIcon;
				ASSETCATALOG_COMPILER_GLOBAL_ACCENT_COLOR_NAME = AccentColor;
				CODE_SIGN_STYLE = Automatic;
				CURRENT_PROJECT_VERSION = 1;
				GENERATE_INFOPLIST_FILE = YES;
				INFOPLIST_FILE = Narala_UniversityApp/Info.plist;
				INFOPLIST_KEY_UIApplicationSupportsIndirectInputEvents = YES;
				INFOPLIST_KEY_UILaunchStoryboardName = LaunchScreen;
				INFOPLIST_KEY_UIMainStoryboardFile = Main;
				INFOPLIST_KEY_UISupportedInterfaceOrientations_iPad = "UIInterfaceOrientationPortrait UIInterfaceOrientationPortraitUpsideDown UIInterfaceOrientationLandscapeLeft UIInterfaceOrientationLandscapeRight";
				INFOPLIST_KEY_UISupportedInterfaceOrientations_iPhone = "UIInterfaceOrientationPortrait UIInterfaceOrientationLandscapeLeft UIInterfaceOrientationLandscapeRight";
				LD_RUNPATH_SEARCH_PATHS = (
					"$(inherited)",
					"@executable_path/Frameworks",
				);
				MARKETING_VERSION = 1.0;
				PRODUCT_BUNDLE_IDENTIFIER = "nwmsu.Narala-UniversityApp";
				PRODUCT_NAME = "$(TARGET_NAME)";
				SWIFT_EMIT_LOC_STRINGS = YES;
				SWIFT_VERSION = 5.0;
				TARGETED_DEVICE_FAMILY = "1,2";
			};
			name = Release;
		};
		0585D44E29F0E31F00DD1C69 /* Debug */ = {
			isa = XCBuildConfiguration;
			buildSettings = {
				ALWAYS_EMBED_SWIFT_STANDARD_LIBRARIES = YES;
				BUNDLE_LOADER = "$(TEST_HOST)";
				CODE_SIGN_STYLE = Automatic;
				CURRENT_PROJECT_VERSION = 1;
				GENERATE_INFOPLIST_FILE = YES;
				IPHONEOS_DEPLOYMENT_TARGET = 15.5;
				MARKETING_VERSION = 1.0;
				PRODUCT_BUNDLE_IDENTIFIER = "nwmsu.Narala-UniversityAppTests";
				PRODUCT_NAME = "$(TARGET_NAME)";
				SWIFT_EMIT_LOC_STRINGS = NO;
				SWIFT_VERSION = 5.0;
				TARGETED_DEVICE_FAMILY = "1,2";
				TEST_HOST = "$(BUILT_PRODUCTS_DIR)/Narala_UniversityApp.app/Narala_UniversityApp";
			};
			name = Debug;
		};
		0585D44F29F0E31F00DD1C69 /* Release */ = {
			isa = XCBuildConfiguration;
			buildSettings = {
				ALWAYS_EMBED_SWIFT_STANDARD_LIBRARIES = YES;
				BUNDLE_LOADER = "$(TEST_HOST)";
				CODE_SIGN_STYLE = Automatic;
				CURRENT_PROJECT_VERSION = 1;
				GENERATE_INFOPLIST_FILE = YES;
				IPHONEOS_DEPLOYMENT_TARGET = 15.5;
				MARKETING_VERSION = 1.0;
				PRODUCT_BUNDLE_IDENTIFIER = "nwmsu.Narala-UniversityAppTests";
				PRODUCT_NAME = "$(TARGET_NAME)";
				SWIFT_EMIT_LOC_STRINGS = NO;
				SWIFT_VERSION = 5.0;
				TARGETED_DEVICE_FAMILY = "1,2";
				TEST_HOST = "$(BUILT_PRODUCTS_DIR)/Narala_UniversityApp.app/Narala_UniversityApp";
			};
			name = Release;
		};
		0585D45129F0E31F00DD1C69 /* Debug */ = {
			isa = XCBuildConfiguration;
			buildSettings = {
				ALWAYS_EMBED_SWIFT_STANDARD_LIBRARIES = YES;
				CODE_SIGN_STYLE = Automatic;
				CURRENT_PROJECT_VERSION = 1;
				GENERATE_INFOPLIST_FILE = YES;
				MARKETING_VERSION = 1.0;
				PRODUCT_BUNDLE_IDENTIFIER = "nwmsu.Narala-UniversityAppUITests";
				PRODUCT_NAME = "$(TARGET_NAME)";
				SWIFT_EMIT_LOC_STRINGS = NO;
				SWIFT_VERSION = 5.0;
				TARGETED_DEVICE_FAMILY = "1,2";
				TEST_TARGET_NAME = Narala_UniversityApp;
			};
			name = Debug;
		};
		0585D45229F0E31F00DD1C69 /* Release */ = {
			isa = XCBuildConfiguration;
			buildSettings = {
				ALWAYS_EMBED_SWIFT_STANDARD_LIBRARIES = YES;
				CODE_SIGN_STYLE = Automatic;
				CURRENT_PROJECT_VERSION = 1;
				GENERATE_INFOPLIST_FILE = YES;
				MARKETING_VERSION = 1.0;
				PRODUCT_BUNDLE_IDENTIFIER = "nwmsu.Narala-UniversityAppUITests";
				PRODUCT_NAME = "$(TARGET_NAME)";
				SWIFT_EMIT_LOC_STRINGS = NO;
				SWIFT_VERSION = 5.0;
				TARGETED_DEVICE_FAMILY = "1,2";
				TEST_TARGET_NAME = Narala_UniversityApp;
			};
			name = Release;
		};
/* End XCBuildConfiguration section */

/* Begin XCConfigurationList section */
		0585D41B29F0E31C00DD1C69 /* Build configuration list for PBXProject "Narala_UniversityApp" */ = {
			isa = XCConfigurationList;
			buildConfigurations = (
				0585D44829F0E31F00DD1C69 /* Debug */,
				0585D44929F0E31F00DD1C69 /* Release */,
			);
			defaultConfigurationIsVisible = 0;
			defaultConfigurationName = Release;
		};
		0585D44A29F0E31F00DD1C69 /* Build configuration list for PBXNativeTarget "Narala_UniversityApp" */ = {
			isa = XCConfigurationList;
			buildConfigurations = (
				0585D44B29F0E31F00DD1C69 /* Debug */,
				0585D44C29F0E31F00DD1C69 /* Release */,
			);
			defaultConfigurationIsVisible = 0;
			defaultConfigurationName = Release;
		};
		0585D44D29F0E31F00DD1C69 /* Build configuration list for PBXNativeTarget "Narala_UniversityAppTests" */ = {
			isa = XCConfigurationList;
			buildConfigurations = (
				0585D44E29F0E31F00DD1C69 /* Debug */,
				0585D44F29F0E31F00DD1C69 /* Release */,
			);
			defaultConfigurationIsVisible = 0;
			defaultConfigurationName = Release;
		};
		0585D45029F0E31F00DD1C69 /* Build configuration list for PBXNativeTarget "Narala_UniversityAppUITests" */ = {
			isa = XCConfigurationList;
			buildConfigurations = (
				0585D45129F0E31F00DD1C69 /* Debug */,
				0585D45229F0E31F00DD1C69 /* Release */,
			);
			defaultConfigurationIsVisible = 0;
			defaultConfigurationName = Release;
		};
/* End XCConfigurationList section */
	};
	rootObject = 0585D41829F0E31C00DD1C69 /* Project object */;
}
