// !$*UTF8*$!
{
	archiveVersion = 1;
	classes = {
	};
	objectVersion = 55;
	objects = {

/* Begin PBXBuildFile section */
		05E6DFA929CA010200BCB772 /* AppDelegate.swift in Sources */ = {isa = PBXBuildFile; fileRef = 05E6DFA829CA010200BCB772 /* AppDelegate.swift */; };
		05E6DFAB29CA010200BCB772 /* SceneDelegate.swift in Sources */ = {isa = PBXBuildFile; fileRef = 05E6DFAA29CA010200BCB772 /* SceneDelegate.swift */; };
		05E6DFAD29CA010200BCB772 /* ViewController.swift in Sources */ = {isa = PBXBuildFile; fileRef = 05E6DFAC29CA010200BCB772 /* ViewController.swift */; };
		05E6DFB029CA010200BCB772 /* Main.storyboard in Resources */ = {isa = PBXBuildFile; fileRef = 05E6DFAE29CA010200BCB772 /* Main.storyboard */; };
		05E6DFB229CA010300BCB772 /* Assets.xcassets in Resources */ = {isa = PBXBuildFile; fileRef = 05E6DFB129CA010300BCB772 /* Assets.xcassets */; };
		05E6DFB529CA010300BCB772 /* LaunchScreen.storyboard in Resources */ = {isa = PBXBuildFile; fileRef = 05E6DFB329CA010300BCB772 /* LaunchScreen.storyboard */; };
		05E6DFC029CA010300BCB772 /* MyWordGuessTests.swift in Sources */ = {isa = PBXBuildFile; fileRef = 05E6DFBF29CA010300BCB772 /* MyWordGuessTests.swift */; };
		05E6DFCA29CA010300BCB772 /* MyWordGuessUITests.swift in Sources */ = {isa = PBXBuildFile; fileRef = 05E6DFC929CA010300BCB772 /* MyWordGuessUITests.swift */; };
		05E6DFCC29CA010300BCB772 /* MyWordGuessUITestsLaunchTests.swift in Sources */ = {isa = PBXBuildFile; fileRef = 05E6DFCB29CA010300BCB772 /* MyWordGuessUITestsLaunchTests.swift */; };
/* End PBXBuildFile section */

/* Begin PBXContainerItemProxy section */
		05E6DFBC29CA010300BCB772 /* PBXContainerItemProxy */ = {
			isa = PBXContainerItemProxy;
			containerPortal = 05E6DF9D29CA010200BCB772 /* Project object */;
			proxyType = 1;
			remoteGlobalIDString = 05E6DFA429CA010200BCB772;
			remoteInfo = MyWordGuess;
		};
		05E6DFC629CA010300BCB772 /* PBXContainerItemProxy */ = {
			isa = PBXContainerItemProxy;
			containerPortal = 05E6DF9D29CA010200BCB772 /* Project object */;
			proxyType = 1;
			remoteGlobalIDString = 05E6DFA429CA010200BCB772;
			remoteInfo = MyWordGuess;
		};
/* End PBXContainerItemProxy section */

/* Begin PBXFileReference section */
		05E6DFA529CA010200BCB772 /* MyWordGuess.app */ = {isa = PBXFileReference; explicitFileType = wrapper.application; includeInIndex = 0; path = MyWordGuess.app; sourceTree = BUILT_PRODUCTS_DIR; };
		05E6DFA829CA010200BCB772 /* AppDelegate.swift */ = {isa = PBXFileReference; lastKnownFileType = sourcecode.swift; path = AppDelegate.swift; sourceTree = "<group>"; };
		05E6DFAA29CA010200BCB772 /* SceneDelegate.swift */ = {isa = PBXFileReference; lastKnownFileType = sourcecode.swift; path = SceneDelegate.swift; sourceTree = "<group>"; };
		05E6DFAC29CA010200BCB772 /* ViewController.swift */ = {isa = PBXFileReference; lastKnownFileType = sourcecode.swift; path = ViewController.swift; sourceTree = "<group>"; };
		05E6DFAF29CA010200BCB772 /* Base */ = {isa = PBXFileReference; lastKnownFileType = file.storyboard; name = Base; path = Base.lproj/Main.storyboard; sourceTree = "<group>"; };
		05E6DFB129CA010300BCB772 /* Assets.xcassets */ = {isa = PBXFileReference; lastKnownFileType = folder.assetcatalog; path = Assets.xcassets; sourceTree = "<group>"; };
		05E6DFB429CA010300BCB772 /* Base */ = {isa = PBXFileReference; lastKnownFileType = file.storyboard; name = Base; path = Base.lproj/LaunchScreen.storyboard; sourceTree = "<group>"; };
		05E6DFB629CA010300BCB772 /* Info.plist */ = {isa = PBXFileReference; lastKnownFileType = text.plist.xml; path = Info.plist; sourceTree = "<group>"; };
		05E6DFBB29CA010300BCB772 /* MyWordGuessTests.xctest */ = {isa = PBXFileReference; explicitFileType = wrapper.cfbundle; includeInIndex = 0; path = MyWordGuessTests.xctest; sourceTree = BUILT_PRODUCTS_DIR; };
		05E6DFBF29CA010300BCB772 /* MyWordGuessTests.swift */ = {isa = PBXFileReference; lastKnownFileType = sourcecode.swift; path = MyWordGuessTests.swift; sourceTree = "<group>"; };
		05E6DFC529CA010300BCB772 /* MyWordGuessUITests.xctest */ = {isa = PBXFileReference; explicitFileType = wrapper.cfbundle; includeInIndex = 0; path = MyWordGuessUITests.xctest; sourceTree = BUILT_PRODUCTS_DIR; };
		05E6DFC929CA010300BCB772 /* MyWordGuessUITests.swift */ = {isa = PBXFileReference; lastKnownFileType = sourcecode.swift; path = MyWordGuessUITests.swift; sourceTree = "<group>"; };
		05E6DFCB29CA010300BCB772 /* MyWordGuessUITestsLaunchTests.swift */ = {isa = PBXFileReference; lastKnownFileType = sourcecode.swift; path = MyWordGuessUITestsLaunchTests.swift; sourceTree = "<group>"; };
/* End PBXFileReference section */

/* Begin PBXFrameworksBuildPhase section */
		05E6DFA229CA010200BCB772 /* Frameworks */ = {
			isa = PBXFrameworksBuildPhase;
			buildActionMask = 2147483647;
			files = (
			);
			runOnlyForDeploymentPostprocessing = 0;
		};
		05E6DFB829CA010300BCB772 /* Frameworks */ = {
			isa = PBXFrameworksBuildPhase;
			buildActionMask = 2147483647;
			files = (
			);
			runOnlyForDeploymentPostprocessing = 0;
		};
		05E6DFC229CA010300BCB772 /* Frameworks */ = {
			isa = PBXFrameworksBuildPhase;
			buildActionMask = 2147483647;
			files = (
			);
			runOnlyForDeploymentPostprocessing = 0;
		};
/* End PBXFrameworksBuildPhase section */

/* Begin PBXGroup section */
		05E6DF9C29CA010200BCB772 = {
			isa = PBXGroup;
			children = (
				05E6DFA729CA010200BCB772 /* MyWordGuess */,
				05E6DFBE29CA010300BCB772 /* MyWordGuessTests */,
				05E6DFC829CA010300BCB772 /* MyWordGuessUITests */,
				05E6DFA629CA010200BCB772 /* Products */,
			);
			sourceTree = "<group>";
		};
		05E6DFA629CA010200BCB772 /* Products */ = {
			isa = PBXGroup;
			children = (
				05E6DFA529CA010200BCB772 /* MyWordGuess.app */,
				05E6DFBB29CA010300BCB772 /* MyWordGuessTests.xctest */,
				05E6DFC529CA010300BCB772 /* MyWordGuessUITests.xctest */,
			);
			name = Products;
			sourceTree = "<group>";
		};
		05E6DFA729CA010200BCB772 /* MyWordGuess */ = {
			isa = PBXGroup;
			children = (
				05E6DFA829CA010200BCB772 /* AppDelegate.swift */,
				05E6DFAA29CA010200BCB772 /* SceneDelegate.swift */,
				05E6DFAC29CA010200BCB772 /* ViewController.swift */,
				05E6DFAE29CA010200BCB772 /* Main.storyboard */,
				05E6DFB129CA010300BCB772 /* Assets.xcassets */,
				05E6DFB329CA010300BCB772 /* LaunchScreen.storyboard */,
				05E6DFB629CA010300BCB772 /* Info.plist */,
			);
			path = MyWordGuess;
			sourceTree = "<group>";
		};
		05E6DFBE29CA010300BCB772 /* MyWordGuessTests */ = {
			isa = PBXGroup;
			children = (
				05E6DFBF29CA010300BCB772 /* MyWordGuessTests.swift */,
			);
			path = MyWordGuessTests;
			sourceTree = "<group>";
		};
		05E6DFC829CA010300BCB772 /* MyWordGuessUITests */ = {
			isa = PBXGroup;
			children = (
				05E6DFC929CA010300BCB772 /* MyWordGuessUITests.swift */,
				05E6DFCB29CA010300BCB772 /* MyWordGuessUITestsLaunchTests.swift */,
			);
			path = MyWordGuessUITests;
			sourceTree = "<group>";
		};
/* End PBXGroup section */

/* Begin PBXNativeTarget section */
		05E6DFA429CA010200BCB772 /* MyWordGuess */ = {
			isa = PBXNativeTarget;
			buildConfigurationList = 05E6DFCF29CA010300BCB772 /* Build configuration list for PBXNativeTarget "MyWordGuess" */;
			buildPhases = (
				05E6DFA129CA010200BCB772 /* Sources */,
				05E6DFA229CA010200BCB772 /* Frameworks */,
				05E6DFA329CA010200BCB772 /* Resources */,
			);
			buildRules = (
			);
			dependencies = (
			);
			name = MyWordGuess;
			productName = MyWordGuess;
			productReference = 05E6DFA529CA010200BCB772 /* MyWordGuess.app */;
			productType = "com.apple.product-type.application";
		};
		05E6DFBA29CA010300BCB772 /* MyWordGuessTests */ = {
			isa = PBXNativeTarget;
			buildConfigurationList = 05E6DFD229CA010300BCB772 /* Build configuration list for PBXNativeTarget "MyWordGuessTests" */;
			buildPhases = (
				05E6DFB729CA010300BCB772 /* Sources */,
				05E6DFB829CA010300BCB772 /* Frameworks */,
				05E6DFB929CA010300BCB772 /* Resources */,
			);
			buildRules = (
			);
			dependencies = (
				05E6DFBD29CA010300BCB772 /* PBXTargetDependency */,
			);
			name = MyWordGuessTests;
			productName = MyWordGuessTests;
			productReference = 05E6DFBB29CA010300BCB772 /* MyWordGuessTests.xctest */;
			productType = "com.apple.product-type.bundle.unit-test";
		};
		05E6DFC429CA010300BCB772 /* MyWordGuessUITests */ = {
			isa = PBXNativeTarget;
			buildConfigurationList = 05E6DFD529CA010300BCB772 /* Build configuration list for PBXNativeTarget "MyWordGuessUITests" */;
			buildPhases = (
				05E6DFC129CA010300BCB772 /* Sources */,
				05E6DFC229CA010300BCB772 /* Frameworks */,
				05E6DFC329CA010300BCB772 /* Resources */,
			);
			buildRules = (
			);
			dependencies = (
				05E6DFC729CA010300BCB772 /* PBXTargetDependency */,
			);
			name = MyWordGuessUITests;
			productName = MyWordGuessUITests;
			productReference = 05E6DFC529CA010300BCB772 /* MyWordGuessUITests.xctest */;
			productType = "com.apple.product-type.bundle.ui-testing";
		};
/* End PBXNativeTarget section */

/* Begin PBXProject section */
		05E6DF9D29CA010200BCB772 /* Project object */ = {
			isa = PBXProject;
			attributes = {
				BuildIndependentTargetsInParallel = 1;
				LastSwiftUpdateCheck = 1340;
				LastUpgradeCheck = 1340;
				TargetAttributes = {
					05E6DFA429CA010200BCB772 = {
						CreatedOnToolsVersion = 13.4.1;
					};
					05E6DFBA29CA010300BCB772 = {
						CreatedOnToolsVersion = 13.4.1;
						TestTargetID = 05E6DFA429CA010200BCB772;
					};
					05E6DFC429CA010300BCB772 = {
						CreatedOnToolsVersion = 13.4.1;
						TestTargetID = 05E6DFA429CA010200BCB772;
					};
				};
			};
			buildConfigurationList = 05E6DFA029CA010200BCB772 /* Build configuration list for PBXProject "MyWordGuess" */;
			compatibilityVersion = "Xcode 13.0";
			developmentRegion = en;
			hasScannedForEncodings = 0;
			knownRegions = (
				en,
				Base,
			);
			mainGroup = 05E6DF9C29CA010200BCB772;
			productRefGroup = 05E6DFA629CA010200BCB772 /* Products */;
			projectDirPath = "";
			projectRoot = "";
			targets = (
				05E6DFA429CA010200BCB772 /* MyWordGuess */,
				05E6DFBA29CA010300BCB772 /* MyWordGuessTests */,
				05E6DFC429CA010300BCB772 /* MyWordGuessUITests */,
			);
		};
/* End PBXProject section */

/* Begin PBXResourcesBuildPhase section */
		05E6DFA329CA010200BCB772 /* Resources */ = {
			isa = PBXResourcesBuildPhase;
			buildActionMask = 2147483647;
			files = (
				05E6DFB529CA010300BCB772 /* LaunchScreen.storyboard in Resources */,
				05E6DFB229CA010300BCB772 /* Assets.xcassets in Resources */,
				05E6DFB029CA010200BCB772 /* Main.storyboard in Resources */,
			);
			runOnlyForDeploymentPostprocessing = 0;
		};
		05E6DFB929CA010300BCB772 /* Resources */ = {
			isa = PBXResourcesBuildPhase;
			buildActionMask = 2147483647;
			files = (
			);
			runOnlyForDeploymentPostprocessing = 0;
		};
		05E6DFC329CA010300BCB772 /* Resources */ = {
			isa = PBXResourcesBuildPhase;
			buildActionMask = 2147483647;
			files = (
			);
			runOnlyForDeploymentPostprocessing = 0;
		};
/* End PBXResourcesBuildPhase section */

/* Begin PBXSourcesBuildPhase section */
		05E6DFA129CA010200BCB772 /* Sources */ = {
			isa = PBXSourcesBuildPhase;
			buildActionMask = 2147483647;
			files = (
				05E6DFAD29CA010200BCB772 /* ViewController.swift in Sources */,
				05E6DFA929CA010200BCB772 /* AppDelegate.swift in Sources */,
				05E6DFAB29CA010200BCB772 /* SceneDelegate.swift in Sources */,
			);
			runOnlyForDeploymentPostprocessing = 0;
		};
		05E6DFB729CA010300BCB772 /* Sources */ = {
			isa = PBXSourcesBuildPhase;
			buildActionMask = 2147483647;
			files = (
				05E6DFC029CA010300BCB772 /* MyWordGuessTests.swift in Sources */,
			);
			runOnlyForDeploymentPostprocessing = 0;
		};
		05E6DFC129CA010300BCB772 /* Sources */ = {
			isa = PBXSourcesBuildPhase;
			buildActionMask = 2147483647;
			files = (
				05E6DFCC29CA010300BCB772 /* MyWordGuessUITestsLaunchTests.swift in Sources */,
				05E6DFCA29CA010300BCB772 /* MyWordGuessUITests.swift in Sources */,
			);
			runOnlyForDeploymentPostprocessing = 0;
		};
/* End PBXSourcesBuildPhase section */

/* Begin PBXTargetDependency section */
		05E6DFBD29CA010300BCB772 /* PBXTargetDependency */ = {
			isa = PBXTargetDependency;
			target = 05E6DFA429CA010200BCB772 /* MyWordGuess */;
			targetProxy = 05E6DFBC29CA010300BCB772 /* PBXContainerItemProxy */;
		};
		05E6DFC729CA010300BCB772 /* PBXTargetDependency */ = {
			isa = PBXTargetDependency;
			target = 05E6DFA429CA010200BCB772 /* MyWordGuess */;
			targetProxy = 05E6DFC629CA010300BCB772 /* PBXContainerItemProxy */;
		};
/* End PBXTargetDependency section */

/* Begin PBXVariantGroup section */
		05E6DFAE29CA010200BCB772 /* Main.storyboard */ = {
			isa = PBXVariantGroup;
			children = (
				05E6DFAF29CA010200BCB772 /* Base */,
			);
			name = Main.storyboard;
			sourceTree = "<group>";
		};
		05E6DFB329CA010300BCB772 /* LaunchScreen.storyboard */ = {
			isa = PBXVariantGroup;
			children = (
				05E6DFB429CA010300BCB772 /* Base */,
			);
			name = LaunchScreen.storyboard;
			sourceTree = "<group>";
		};
/* End PBXVariantGroup section */

/* Begin XCBuildConfiguration section */
		05E6DFCD29CA010300BCB772 /* Debug */ = {
			isa = XCBuildConfiguration;
			buildSettings = {
				ALWAYS_SEARCH_USER_PATHS = NO;
				CLANG_ANALYZER_NONNULL = YES;
				CLANG_ANALYZER_NUMBER_OBJECT_CONVERSION = YES_AGGRESSIVE;
				CLANG_CXX_LANGUAGE_STANDARD = "gnu++17";
				CLANG_ENABLE_MODULES = YES;
				CLANG_ENABLE_OBJC_ARC = YES;
				CLANG_ENABLE_OBJC_WEAK = YES;
				CLANG_WARN_BLOCK_CAPTURE_AUTORELEASING = YES;
				CLANG_WARN_BOOL_CONVERSION = YES;
				CLANG_WARN_COMMA = YES;
				CLANG_WARN_CONSTANT_CONVERSION = YES;
				CLANG_WARN_DEPRECATED_OBJC_IMPLEMENTATIONS = YES;
				CLANG_WARN_DIRECT_OBJC_ISA_USAGE = YES_ERROR;
				CLANG_WARN_DOCUMENTATION_COMMENTS = YES;
				CLANG_WARN_EMPTY_BODY = YES;
				CLANG_WARN_ENUM_CONVERSION = YES;
				CLANG_WARN_INFINITE_RECURSION = YES;
				CLANG_WARN_INT_CONVERSION = YES;
				CLANG_WARN_NON_LITERAL_NULL_CONVERSION = YES;
				CLANG_WARN_OBJC_IMPLICIT_RETAIN_SELF = YES;
				CLANG_WARN_OBJC_LITERAL_CONVERSION = YES;
				CLANG_WARN_OBJC_ROOT_CLASS = YES_ERROR;
				CLANG_WARN_QUOTED_INCLUDE_IN_FRAMEWORK_HEADER = YES;
				CLANG_WARN_RANGE_LOOP_ANALYSIS = YES;
				CLANG_WARN_STRICT_PROTOTYPES = YES;
				CLANG_WARN_SUSPICIOUS_MOVE = YES;
				CLANG_WARN_UNGUARDED_AVAILABILITY = YES_AGGRESSIVE;
				CLANG_WARN_UNREACHABLE_CODE = YES;
				CLANG_WARN__DUPLICATE_METHOD_MATCH = YES;
				COPY_PHASE_STRIP = NO;
				DEBUG_INFORMATION_FORMAT = dwarf;
				ENABLE_STRICT_OBJC_MSGSEND = YES;
				ENABLE_TESTABILITY = YES;
				GCC_C_LANGUAGE_STANDARD = gnu11;
				GCC_DYNAMIC_NO_PIC = NO;
				GCC_NO_COMMON_BLOCKS = YES;
				GCC_OPTIMIZATION_LEVEL = 0;
				GCC_PREPROCESSOR_DEFINITIONS = (
					"DEBUG=1",
					"$(inherited)",
				);
				GCC_WARN_64_TO_32_BIT_CONVERSION = YES;
				GCC_WARN_ABOUT_RETURN_TYPE = YES_ERROR;
				GCC_WARN_UNDECLARED_SELECTOR = YES;
				GCC_WARN_UNINITIALIZED_AUTOS = YES_AGGRESSIVE;
				GCC_WARN_UNUSED_FUNCTION = YES;
				GCC_WARN_UNUSED_VARIABLE = YES;
				IPHONEOS_DEPLOYMENT_TARGET = 15.5;
				MTL_ENABLE_DEBUG_INFO = INCLUDE_SOURCE;
				MTL_FAST_MATH = YES;
				ONLY_ACTIVE_ARCH = YES;
				SDKROOT = iphoneos;
				SWIFT_ACTIVE_COMPILATION_CONDITIONS = DEBUG;
				SWIFT_OPTIMIZATION_LEVEL = "-Onone";
			};
			name = Debug;
		};
		05E6DFCE29CA010300BCB772 /* Release */ = {
			isa = XCBuildConfiguration;
			buildSettings = {
				ALWAYS_SEARCH_USER_PATHS = NO;
				CLANG_ANALYZER_NONNULL = YES;
				CLANG_ANALYZER_NUMBER_OBJECT_CONVERSION = YES_AGGRESSIVE;
				CLANG_CXX_LANGUAGE_STANDARD = "gnu++17";
				CLANG_ENABLE_MODULES = YES;
				CLANG_ENABLE_OBJC_ARC = YES;
				CLANG_ENABLE_OBJC_WEAK = YES;
				CLANG_WARN_BLOCK_CAPTURE_AUTORELEASING = YES;
				CLANG_WARN_BOOL_CONVERSION = YES;
				CLANG_WARN_COMMA = YES;
				CLANG_WARN_CONSTANT_CONVERSION = YES;
				CLANG_WARN_DEPRECATED_OBJC_IMPLEMENTATIONS = YES;
				CLANG_WARN_DIRECT_OBJC_ISA_USAGE = YES_ERROR;
				CLANG_WARN_DOCUMENTATION_COMMENTS = YES;
				CLANG_WARN_EMPTY_BODY = YES;
				CLANG_WARN_ENUM_CONVERSION = YES;
				CLANG_WARN_INFINITE_RECURSION = YES;
				CLANG_WARN_INT_CONVERSION = YES;
				CLANG_WARN_NON_LITERAL_NULL_CONVERSION = YES;
				CLANG_WARN_OBJC_IMPLICIT_RETAIN_SELF = YES;
				CLANG_WARN_OBJC_LITERAL_CONVERSION = YES;
				CLANG_WARN_OBJC_ROOT_CLASS = YES_ERROR;
				CLANG_WARN_QUOTED_INCLUDE_IN_FRAMEWORK_HEADER = YES;
				CLANG_WARN_RANGE_LOOP_ANALYSIS = YES;
				CLANG_WARN_STRICT_PROTOTYPES = YES;
				CLANG_WARN_SUSPICIOUS_MOVE = YES;
				CLANG_WARN_UNGUARDED_AVAILABILITY = YES_AGGRESSIVE;
				CLANG_WARN_UNREACHABLE_CODE = YES;
				CLANG_WARN__DUPLICATE_METHOD_MATCH = YES;
				COPY_PHASE_STRIP = NO;
				DEBUG_INFORMATION_FORMAT = "dwarf-with-dsym";
				ENABLE_NS_ASSERTIONS = NO;
				ENABLE_STRICT_OBJC_MSGSEND = YES;
				GCC_C_LANGUAGE_STANDARD = gnu11;
				GCC_NO_COMMON_BLOCKS = YES;
				GCC_WARN_64_TO_32_BIT_CONVERSION = YES;
				GCC_WARN_ABOUT_RETURN_TYPE = YES_ERROR;
				GCC_WARN_UNDECLARED_SELECTOR = YES;
				GCC_WARN_UNINITIALIZED_AUTOS = YES_AGGRESSIVE;
				GCC_WARN_UNUSED_FUNCTION = YES;
				GCC_WARN_UNUSED_VARIABLE = YES;
				IPHONEOS_DEPLOYMENT_TARGET = 15.5;
				MTL_ENABLE_DEBUG_INFO = NO;
				MTL_FAST_MATH = YES;
				SDKROOT = iphoneos;
				SWIFT_COMPILATION_MODE = wholemodule;
				SWIFT_OPTIMIZATION_LEVEL = "-O";
				VALIDATE_PRODUCT = YES;
			};
			name = Release;
		};
		05E6DFD029CA010300BCB772 /* Debug */ = {
			isa = XCBuildConfiguration;
			buildSettings = {
				ASSETCATALOG_COMPILER_APPICON_NAME = AppIcon;
				ASSETCATALOG_COMPILER_GLOBAL_ACCENT_COLOR_NAME = AccentColor;
				CODE_SIGN_STYLE = Automatic;
				CURRENT_PROJECT_VERSION = 1;
				GENERATE_INFOPLIST_FILE = YES;
				INFOPLIST_FILE = MyWordGuess/Info.plist;
				INFOPLIST_KEY_CFBundleDisplayName = WordGuess;
				INFOPLIST_KEY_UIApplicationSupportsIndirectInputEvents = YES;
				INFOPLIST_KEY_UILaunchStoryboardName = LaunchScreen;
				INFOPLIST_KEY_UIMainStoryboardFile = Main;
				INFOPLIST_KEY_UISupportedInterfaceOrientations_iPad = "UIInterfaceOrientationPortrait UIInterfaceOrientationPortraitUpsideDown UIInterfaceOrientationLandscapeLeft UIInterfaceOrientationLandscapeRight";
				INFOPLIST_KEY_UISupportedInterfaceOrientations_iPhone = "UIInterfaceOrientationPortrait UIInterfaceOrientationLandscapeLeft UIInterfaceOrientationLandscapeRight";
				LD_RUNPATH_SEARCH_PATHS = (
					"$(inherited)",
					"@executable_path/Frameworks",
				);
				MARKETING_VERSION = 1.0;
				PRODUCT_BUNDLE_IDENTIFIER = MyFirstApp.MyWordGuess;
				PRODUCT_NAME = "$(TARGET_NAME)";
				SWIFT_EMIT_LOC_STRINGS = YES;
				SWIFT_VERSION = 5.0;
				TARGETED_DEVICE_FAMILY = "1,2";
			};
			name = Debug;
		};
		05E6DFD129CA010300BCB772 /* Release */ = {
			isa = XCBuildConfiguration;
			buildSettings = {
				ASSETCATALOG_COMPILER_APPICON_NAME = AppIcon;
				ASSETCATALOG_COMPILER_GLOBAL_ACCENT_COLOR_NAME = AccentColor;
				CODE_SIGN_STYLE = Automatic;
				CURRENT_PROJECT_VERSION = 1;
				GENERATE_INFOPLIST_FILE = YES;
				INFOPLIST_FILE = MyWordGuess/Info.plist;
				INFOPLIST_KEY_CFBundleDisplayName = WordGuess;
				INFOPLIST_KEY_UIApplicationSupportsIndirectInputEvents = YES;
				INFOPLIST_KEY_UILaunchStoryboardName = LaunchScreen;
				INFOPLIST_KEY_UIMainStoryboardFile = Main;
				INFOPLIST_KEY_UISupportedInterfaceOrientations_iPad = "UIInterfaceOrientationPortrait UIInterfaceOrientationPortraitUpsideDown UIInterfaceOrientationLandscapeLeft UIInterfaceOrientationLandscapeRight";
				INFOPLIST_KEY_UISupportedInterfaceOrientations_iPhone = "UIInterfaceOrientationPortrait UIInterfaceOrientationLandscapeLeft UIInterfaceOrientationLandscapeRight";
				LD_RUNPATH_SEARCH_PATHS = (
					"$(inherited)",
					"@executable_path/Frameworks",
				);
				MARKETING_VERSION = 1.0;
				PRODUCT_BUNDLE_IDENTIFIER = MyFirstApp.MyWordGuess;
				PRODUCT_NAME = "$(TARGET_NAME)";
				SWIFT_EMIT_LOC_STRINGS = YES;
				SWIFT_VERSION = 5.0;
				TARGETED_DEVICE_FAMILY = "1,2";
			};
			name = Release;
		};
		05E6DFD329CA010300BCB772 /* Debug */ = {
			isa = XCBuildConfiguration;
			buildSettings = {
				ALWAYS_EMBED_SWIFT_STANDARD_LIBRARIES = YES;
				BUNDLE_LOADER = "$(TEST_HOST)";
				CODE_SIGN_STYLE = Automatic;
				CURRENT_PROJECT_VERSION = 1;
				GENERATE_INFOPLIST_FILE = YES;
				IPHONEOS_DEPLOYMENT_TARGET = 15.5;
				MARKETING_VERSION = 1.0;
				PRODUCT_BUNDLE_IDENTIFIER = MyFirstApp.MyWordGuessTests;
				PRODUCT_NAME = "$(TARGET_NAME)";
				SWIFT_EMIT_LOC_STRINGS = NO;
				SWIFT_VERSION = 5.0;
				TARGETED_DEVICE_FAMILY = "1,2";
				TEST_HOST = "$(BUILT_PRODUCTS_DIR)/MyWordGuess.app/MyWordGuess";
			};
			name = Debug;
		};
		05E6DFD429CA010300BCB772 /* Release */ = {
			isa = XCBuildConfiguration;
			buildSettings = {
				ALWAYS_EMBED_SWIFT_STANDARD_LIBRARIES = YES;
				BUNDLE_LOADER = "$(TEST_HOST)";
				CODE_SIGN_STYLE = Automatic;
				CURRENT_PROJECT_VERSION = 1;
				GENERATE_INFOPLIST_FILE = YES;
				IPHONEOS_DEPLOYMENT_TARGET = 15.5;
				MARKETING_VERSION = 1.0;
				PRODUCT_BUNDLE_IDENTIFIER = MyFirstApp.MyWordGuessTests;
				PRODUCT_NAME = "$(TARGET_NAME)";
				SWIFT_EMIT_LOC_STRINGS = NO;
				SWIFT_VERSION = 5.0;
				TARGETED_DEVICE_FAMILY = "1,2";
				TEST_HOST = "$(BUILT_PRODUCTS_DIR)/MyWordGuess.app/MyWordGuess";
			};
			name = Release;
		};
		05E6DFD629CA010300BCB772 /* Debug */ = {
			isa = XCBuildConfiguration;
			buildSettings = {
				ALWAYS_EMBED_SWIFT_STANDARD_LIBRARIES = YES;
				CODE_SIGN_STYLE = Automatic;
				CURRENT_PROJECT_VERSION = 1;
				GENERATE_INFOPLIST_FILE = YES;
				MARKETING_VERSION = 1.0;
				PRODUCT_BUNDLE_IDENTIFIER = MyFirstApp.MyWordGuessUITests;
				PRODUCT_NAME = "$(TARGET_NAME)";
				SWIFT_EMIT_LOC_STRINGS = NO;
				SWIFT_VERSION = 5.0;
				TARGETED_DEVICE_FAMILY = "1,2";
				TEST_TARGET_NAME = MyWordGuess;
			};
			name = Debug;
		};
		05E6DFD729CA010300BCB772 /* Release */ = {
			isa = XCBuildConfiguration;
			buildSettings = {
				ALWAYS_EMBED_SWIFT_STANDARD_LIBRARIES = YES;
				CODE_SIGN_STYLE = Automatic;
				CURRENT_PROJECT_VERSION = 1;
				GENERATE_INFOPLIST_FILE = YES;
				MARKETING_VERSION = 1.0;
				PRODUCT_BUNDLE_IDENTIFIER = MyFirstApp.MyWordGuessUITests;
				PRODUCT_NAME = "$(TARGET_NAME)";
				SWIFT_EMIT_LOC_STRINGS = NO;
				SWIFT_VERSION = 5.0;
				TARGETED_DEVICE_FAMILY = "1,2";
				TEST_TARGET_NAME = MyWordGuess;
			};
			name = Release;
		};
/* End XCBuildConfiguration section */

/* Begin XCConfigurationList section */
		05E6DFA029CA010200BCB772 /* Build configuration list for PBXProject "MyWordGuess" */ = {
			isa = XCConfigurationList;
			buildConfigurations = (
				05E6DFCD29CA010300BCB772 /* Debug */,
				05E6DFCE29CA010300BCB772 /* Release */,
			);
			defaultConfigurationIsVisible = 0;
			defaultConfigurationName = Release;
		};
		05E6DFCF29CA010300BCB772 /* Build configuration list for PBXNativeTarget "MyWordGuess" */ = {
			isa = XCConfigurationList;
			buildConfigurations = (
				05E6DFD029CA010300BCB772 /* Debug */,
				05E6DFD129CA010300BCB772 /* Release */,
			);
			defaultConfigurationIsVisible = 0;
			defaultConfigurationName = Release;
		};
		05E6DFD229CA010300BCB772 /* Build configuration list for PBXNativeTarget "MyWordGuessTests" */ = {
			isa = XCConfigurationList;
			buildConfigurations = (
				05E6DFD329CA010300BCB772 /* Debug */,
				05E6DFD429CA010300BCB772 /* Release */,
			);
			defaultConfigurationIsVisible = 0;
			defaultConfigurationName = Release;
		};
		05E6DFD529CA010300BCB772 /* Build configuration list for PBXNativeTarget "MyWordGuessUITests" */ = {
			isa = XCConfigurationList;
			buildConfigurations = (
				05E6DFD629CA010300BCB772 /* Debug */,
				05E6DFD729CA010300BCB772 /* Release */,
			);
			defaultConfigurationIsVisible = 0;
			defaultConfigurationName = Release;
		};
/* End XCConfigurationList section */
	};
	rootObject = 05E6DF9D29CA010200BCB772 /* Project object */;
}
